# This file is autogenerated, do not edit; changes may be undone by the next 'dep ensure'.


[[projects]]
  branch = "master"
  name = "github.com/aead/chacha20"
  packages = [
    ".",
    "chacha"
  ]
  revision = "8d6ce0550041f9d97e7f15ec27ed489f8bbbb0fb"

[[projects]]
  branch = "master"
  name = "github.com/bifurcation/mint"
  packages = [
    ".",
    "syntax"
  ]
  revision = "8c88abfa791682796b74de8e661dfba248fc5c02"

[[projects]]
  branch = "master"
  name = "github.com/getlantern/byteexec"
  packages = ["."]
  revision = "4cfb26ec74f460fda433dc06fddfbad7ddee3072"

[[projects]]
  branch = "master"
  name = "github.com/getlantern/context"
  packages = ["."]
  revision = "624d99b1798d7c5375ea1d3ca4c5b04d58f7c775"

[[projects]]
  branch = "master"
  name = "github.com/getlantern/elevate"
  packages = [
    ".",
    "bin"
  ]
  revision = "a1e4813b4e263a37d95b569a21cf5a2943acfd26"

[[projects]]
  branch = "master"
  name = "github.com/getlantern/errors"
  packages = ["."]
  revision = "99fa440517e8f3d1e4cd8d6dbed6b41f4c1ed3d6"

[[projects]]
  branch = "master"
  name = "github.com/getlantern/filepersist"
  packages = ["."]
  revision = "c5f0cd24e7991579ba6f5f1bd20a1ad2c9f06cd4"

[[projects]]
  branch = "master"
  name = "github.com/getlantern/golog"
  packages = ["."]
  revision = "cca714f7feb5df8e455f409b549d384441ac4578"

[[projects]]
  branch = "master"
  name = "github.com/getlantern/hex"
  packages = ["."]
  revision = "083fba3033ad473db3dd31c9bb368473d37581a7"

[[projects]]
  branch = "master"
  name = "github.com/getlantern/hidden"
  packages = ["."]
  revision = "d52a649ab33af200943bb599898dbdcfdbc94cb7"

[[projects]]
  branch = "master"
  name = "github.com/getlantern/ops"
  packages = ["."]
  revision = "37353306c90844c8e0591956f56611f46299d202"

[[projects]]
  branch = "master"
  name = "github.com/getlantern/pac"
  packages = ["."]
  revision = "5534aa917168bd068e494e81ae6da91cfc3e2a95"

[[projects]]
  name = "github.com/getlantern/stack"
  packages = ["."]
  revision = "ac4c579c437a23e1a15814c867ccb82122fb383b"
  version = "v1.5.0"

[[projects]]
  branch = "master"
  name = "github.com/getlantern/systray"
  packages = ["."]
  revision = "fc8e01480deb4dc92e7f13151536a9678520ff42"

[[projects]]
  branch = "master"
  name = "github.com/hashicorp/golang-lru"
  packages = [
    ".",
    "simplelru"
  ]
  revision = "0a025b7e63adc15a622f29b0b2c4c3848243bbf6"

[[projects]]
  name = "github.com/lestrrat/go-file-rotatelogs"
  packages = ["."]
  revision = "9df8b44f21785240553882138c5df2e9cc1db910"
  version = "v2.1.0"

[[projects]]
  branch = "master"
  name = "github.com/lestrrat/go-strftime"
  packages = ["."]
  revision = "04ef93e285313c8978cbc7cad26d2aa7a9927451"

[[projects]]
  branch = "master"
  name = "github.com/lucas-clemente/aes12"
  packages = ["."]
  revision = "cd47fb39b79f867c6e4e5cd39cf7abd799f71670"

[[projects]]
  branch = "master"
  name = "github.com/lucas-clemente/fnv128a"
  packages = ["."]
  revision = "393af48d391698c6ae4219566bfbdfef67269997"

[[projects]]
  branch = "master"
  name = "github.com/lucas-clemente/quic-go"
  packages = [
    ".",
    "ackhandler",
    "congestion",
    "internal/crypto",
    "internal/flowcontrol",
    "internal/handshake",
    "internal/protocol",
    "internal/utils",
    "internal/wire",
    "qerr"
  ]
  revision = "fcc380187a928f70185dc6dc0403f0ea789703f5"

[[projects]]
  branch = "master"
  name = "github.com/lucas-clemente/quic-go-certificates"
  packages = ["."]
  revision = "d2f86524cced5186554df90d92529757d22c1cb6"

[[projects]]
  name = "github.com/nange/easypool"
  packages = ["."]
  revision = "9a3141943d021f5fe9f05f23195f5e120de6eee1"
  version = "1.2.1"

[[projects]]
  branch = "master"
  name = "github.com/oxtoacart/bpool"
  packages = ["."]
  revision = "4e1c5567d7c2dd59fa4c7c83d34c2f3528b025d6"

[[projects]]
  name = "github.com/pkg/errors"
  packages = ["."]
  revision = "645ef00459ed84a119197bfb8d8205042c6df63d"
  version = "v0.8.0"

[[projects]]
  name = "github.com/rakyll/statik"
  packages = ["fs"]
  revision = "fd36b3595eb2ec8da4b8153b107f7ea08504899d"
  version = "v0.1.1"

[[projects]]
  name = "github.com/sirupsen/logrus"
  packages = ["."]
  revision = "f006c2ac4710855cf0f916dd6b77acf6b048dc6e"
  version = "v1.0.3"

[[projects]]
  branch = "master"
  name = "golang.org/x/crypto"
  packages = [
    "chacha20poly1305",
    "chacha20poly1305/internal/chacha20",
    "curve25519",
    "hkdf",
    "pbkdf2",
    "poly1305",
    "ssh/terminal"
  ]
  revision = "2509b142fb2b797aa7587dad548f113b2c0f20ce"

[[projects]]
  branch = "master"
  name = "golang.org/x/sys"
  packages = [
    "unix",
    "windows"
  ]
  revision = "661970f62f5897bc0cd5fdca7e087ba8a98a8fa1"

[solve-meta]
  analyzer-name = "dep"
  analyzer-version = 1
  inputs-digest = "72958b6b184bdf22f8aaf33564dc1b2b8700ab9e31a82249a6db49e66e79c652"
  solver-name = "gps-cdcl"
  solver-version = 1
